// !$*UTF8*$!
{
	archiveVersion = 1;
	classes = {
	};
	objectVersion = 50;
	objects = {

/* Begin PBXBuildFile section */
		3F2FED7E2121D22900B9D982 /* AppDelegate.swift in Sources */ = {isa = PBXBuildFile; fileRef = 3F2FED7D2121D22900B9D982 /* AppDelegate.swift */; };
		3F2FED802121D22900B9D982 /* ViewController.swift in Sources */ = {isa = PBXBuildFile; fileRef = 3F2FED7F2121D22900B9D982 /* ViewController.swift */; };
		3F2FED832121D22900B9D982 /* Main.storyboard in Resources */ = {isa = PBXBuildFile; fileRef = 3F2FED812121D22900B9D982 /* Main.storyboard */; };
		3F2FED852121D22D00B9D982 /* Assets.xcassets in Resources */ = {isa = PBXBuildFile; fileRef = 3F2FED842121D22D00B9D982 /* Assets.xcassets */; };
		3F2FED882121D22D00B9D982 /* LaunchScreen.storyboard in Resources */ = {isa = PBXBuildFile; fileRef = 3F2FED862121D22D00B9D982 /* LaunchScreen.storyboard */; };
		3F2FED932121D22D00B9D982 /* EventsTests.swift in Sources */ = {isa = PBXBuildFile; fileRef = 3F2FED922121D22D00B9D982 /* EventsTests.swift */; };
		3FCCF6DF21231D5E007DDB6B /* ExtensionDate.swift in Sources */ = {isa = PBXBuildFile; fileRef = 3FCCF6DE21231D5E007DDB6B /* ExtensionDate.swift */; };
		3FCCF6E121232039007DDB6B /* Event.swift in Sources */ = {isa = PBXBuildFile; fileRef = 3FCCF6E021232039007DDB6B /* Event.swift */; };
		3FCCF6E921235748007DDB6B /* EventTableViewCell.swift in Sources */ = {isa = PBXBuildFile; fileRef = 3FCCF6E821235748007DDB6B /* EventTableViewCell.swift */; };
		CF4633CE4DE2CC1F622EE779 /* Pods_Events.framework in Frameworks */ = {isa = PBXBuildFile; fileRef = 7BC37352B077DF193A3537D5 /* Pods_Events.framework */; };
		D256DC48B424ACD206360C7E /* Pods_EventsTests.framework in Frameworks */ = {isa = PBXBuildFile; fileRef = 220105DF0E1FC9DE734EB832 /* Pods_EventsTests.framework */; };
/* End PBXBuildFile section */

/* Begin PBXContainerItemProxy section */
		3F2FED8F2121D22D00B9D982 /* PBXContainerItemProxy */ = {
			isa = PBXContainerItemProxy;
			containerPortal = 3F2FED722121D22900B9D982 /* Project object */;
			proxyType = 1;
			remoteGlobalIDString = 3F2FED792121D22900B9D982;
			remoteInfo = Events;
		};
/* End PBXContainerItemProxy section */

/* Begin PBXFileReference section */
		02E5BB4DD29B0636A815F139 /* Pods-Events.release.xcconfig */ = {isa = PBXFileReference; includeInIndex = 1; lastKnownFileType = text.xcconfig; name = "Pods-Events.release.xcconfig"; path = "Pods/Target Support Files/Pods-Events/Pods-Events.release.xcconfig"; sourceTree = "<group>"; };
		1924088DAED7300A8EED3085 /* Pods-EventsTests.debug.xcconfig */ = {isa = PBXFileReference; includeInIndex = 1; lastKnownFileType = text.xcconfig; name = "Pods-EventsTests.debug.xcconfig"; path = "Pods/Target Support Files/Pods-EventsTests/Pods-EventsTests.debug.xcconfig"; sourceTree = "<group>"; };
		220105DF0E1FC9DE734EB832 /* Pods_EventsTests.framework */ = {isa = PBXFileReference; explicitFileType = wrapper.framework; includeInIndex = 0; path = Pods_EventsTests.framework; sourceTree = BUILT_PRODUCTS_DIR; };
		3952434C6ECE9F2BD22E8CBB /* Pods-Events.debug.xcconfig */ = {isa = PBXFileReference; includeInIndex = 1; lastKnownFileType = text.xcconfig; name = "Pods-Events.debug.xcconfig"; path = "Pods/Target Support Files/Pods-Events/Pods-Events.debug.xcconfig"; sourceTree = "<group>"; };
		3F2FED7A2121D22900B9D982 /* Events.app */ = {isa = PBXFileReference; explicitFileType = wrapper.application; includeInIndex = 0; path = Events.app; sourceTree = BUILT_PRODUCTS_DIR; };
		3F2FED7D2121D22900B9D982 /* AppDelegate.swift */ = {isa = PBXFileReference; lastKnownFileType = sourcecode.swift; path = AppDelegate.swift; sourceTree = "<group>"; };
		3F2FED7F2121D22900B9D982 /* ViewController.swift */ = {isa = PBXFileReference; lastKnownFileType = sourcecode.swift; path = ViewController.swift; sourceTree = "<group>"; };
		3F2FED822121D22900B9D982 /* Base */ = {isa = PBXFileReference; lastKnownFileType = file.storyboard; name = Base; path = Base.lproj/Main.storyboard; sourceTree = "<group>"; };
		3F2FED842121D22D00B9D982 /* Assets.xcassets */ = {isa = PBXFileReference; lastKnownFileType = folder.assetcatalog; path = Assets.xcassets; sourceTree = "<group>"; };
		3F2FED872121D22D00B9D982 /* Base */ = {isa = PBXFileReference; lastKnownFileType = file.storyboard; name = Base; path = Base.lproj/LaunchScreen.storyboard; sourceTree = "<group>"; };
		3F2FED892121D22D00B9D982 /* Info.plist */ = {isa = PBXFileReference; lastKnownFileType = text.plist.xml; path = Info.plist; sourceTree = "<group>"; };
		3F2FED8E2121D22D00B9D982 /* EventsTests.xctest */ = {isa = PBXFileReference; explicitFileType = wrapper.cfbundle; includeInIndex = 0; path = EventsTests.xctest; sourceTree = BUILT_PRODUCTS_DIR; };
		3F2FED922121D22D00B9D982 /* EventsTests.swift */ = {isa = PBXFileReference; lastKnownFileType = sourcecode.swift; path = EventsTests.swift; sourceTree = "<group>"; };
		3F2FED942121D22D00B9D982 /* Info.plist */ = {isa = PBXFileReference; lastKnownFileType = text.plist.xml; path = Info.plist; sourceTree = "<group>"; };
		3FCCF6DE21231D5E007DDB6B /* ExtensionDate.swift */ = {isa = PBXFileReference; lastKnownFileType = sourcecode.swift; path = ExtensionDate.swift; sourceTree = "<group>"; };
		3FCCF6E021232039007DDB6B /* Event.swift */ = {isa = PBXFileReference; lastKnownFileType = sourcecode.swift; path = Event.swift; sourceTree = "<group>"; };
		3FCCF6E821235748007DDB6B /* EventTableViewCell.swift */ = {isa = PBXFileReference; lastKnownFileType = sourcecode.swift; path = EventTableViewCell.swift; sourceTree = "<group>"; };
		7BC37352B077DF193A3537D5 /* Pods_Events.framework */ = {isa = PBXFileReference; explicitFileType = wrapper.framework; includeInIndex = 0; path = Pods_Events.framework; sourceTree = BUILT_PRODUCTS_DIR; };
		84A53303F1FD1DABFCB9E892 /* Pods-EventsTests.release.xcconfig */ = {isa = PBXFileReference; includeInIndex = 1; lastKnownFileType = text.xcconfig; name = "Pods-EventsTests.release.xcconfig"; path = "Pods/Target Support Files/Pods-EventsTests/Pods-EventsTests.release.xcconfig"; sourceTree = "<group>"; };
/* End PBXFileReference section */

/* Begin PBXFrameworksBuildPhase section */
		3F2FED772121D22900B9D982 /* Frameworks */ = {
			isa = PBXFrameworksBuildPhase;
			buildActionMask = 2147483647;
			files = (
				CF4633CE4DE2CC1F622EE779 /* Pods_Events.framework in Frameworks */,
			);
			runOnlyForDeploymentPostprocessing = 0;
		};
		3F2FED8B2121D22D00B9D982 /* Frameworks */ = {
			isa = PBXFrameworksBuildPhase;
			buildActionMask = 2147483647;
			files = (
				D256DC48B424ACD206360C7E /* Pods_EventsTests.framework in Frameworks */,
			);
			runOnlyForDeploymentPostprocessing = 0;
		};
/* End PBXFrameworksBuildPhase section */

/* Begin PBXGroup section */
		3F2FED712121D22900B9D982 = {
			isa = PBXGroup;
			children = (
				3F2FED7C2121D22900B9D982 /* Events */,
				3F2FED912121D22D00B9D982 /* EventsTests */,
				3F2FED7B2121D22900B9D982 /* Products */,
				CB4BE3D8B60F6E5F88B407D0 /* Pods */,
				58E08566900F49247F7E5ED6 /* Frameworks */,
			);
			sourceTree = "<group>";
		};
		3F2FED7B2121D22900B9D982 /* Products */ = {
			isa = PBXGroup;
			children = (
				3F2FED7A2121D22900B9D982 /* Events.app */,
				3F2FED8E2121D22D00B9D982 /* EventsTests.xctest */,
			);
			name = Products;
			sourceTree = "<group>";
		};
		3F2FED7C2121D22900B9D982 /* Events */ = {
			isa = PBXGroup;
			children = (
				3FCCF6E7212345DB007DDB6B /* Layout */,
				3FCCF6E6212345C0007DDB6B /* Controllers */,
				3FCCF6E5212345B6007DDB6B /* Model */,
				3FCCF6E42123459C007DDB6B /* Extensions */,
				3F2FED7D2121D22900B9D982 /* AppDelegate.swift */,
				3F2FED892121D22D00B9D982 /* Info.plist */,
			);
			path = Events;
			sourceTree = "<group>";
		};
		3F2FED912121D22D00B9D982 /* EventsTests */ = {
			isa = PBXGroup;
			children = (
				3F2FED922121D22D00B9D982 /* EventsTests.swift */,
				3F2FED942121D22D00B9D982 /* Info.plist */,
			);
			path = EventsTests;
			sourceTree = "<group>";
		};
		3FCCF6E42123459C007DDB6B /* Extensions */ = {
			isa = PBXGroup;
			children = (
				3FCCF6DE21231D5E007DDB6B /* ExtensionDate.swift */,
			);
			path = Extensions;
			sourceTree = "<group>";
		};
		3FCCF6E5212345B6007DDB6B /* Model */ = {
			isa = PBXGroup;
			children = (
				3FCCF6E021232039007DDB6B /* Event.swift */,
			);
			path = Model;
			sourceTree = "<group>";
		};
		3FCCF6E6212345C0007DDB6B /* Controllers */ = {
			isa = PBXGroup;
			children = (
				3F2FED7F2121D22900B9D982 /* ViewController.swift */,
				3FCCF6E821235748007DDB6B /* EventTableViewCell.swift */,
			);
			path = Controllers;
			sourceTree = "<group>";
		};
		3FCCF6E7212345DB007DDB6B /* Layout */ = {
			isa = PBXGroup;
			children = (
				3F2FED812121D22900B9D982 /* Main.storyboard */,
				3F2FED842121D22D00B9D982 /* Assets.xcassets */,
				3F2FED862121D22D00B9D982 /* LaunchScreen.storyboard */,
			);
			path = Layout;
			sourceTree = "<group>";
		};
		58E08566900F49247F7E5ED6 /* Frameworks */ = {
			isa = PBXGroup;
			children = (
				7BC37352B077DF193A3537D5 /* Pods_Events.framework */,
				220105DF0E1FC9DE734EB832 /* Pods_EventsTests.framework */,
			);
			name = Frameworks;
			sourceTree = "<group>";
		};
		CB4BE3D8B60F6E5F88B407D0 /* Pods */ = {
			isa = PBXGroup;
			children = (
				3952434C6ECE9F2BD22E8CBB /* Pods-Events.debug.xcconfig */,
				02E5BB4DD29B0636A815F139 /* Pods-Events.release.xcconfig */,
				1924088DAED7300A8EED3085 /* Pods-EventsTests.debug.xcconfig */,
				84A53303F1FD1DABFCB9E892 /* Pods-EventsTests.release.xcconfig */,
			);
			name = Pods;
			sourceTree = "<group>";
		};
/* End PBXGroup section */

/* Begin PBXNativeTarget section */
		3F2FED792121D22900B9D982 /* Events */ = {
			isa = PBXNativeTarget;
			buildConfigurationList = 3F2FED972121D22D00B9D982 /* Build configuration list for PBXNativeTarget "Events" */;
			buildPhases = (
				7D0B4179B470EA994CB6DFB9 /* [CP] Check Pods Manifest.lock */,
				3F2FED762121D22900B9D982 /* Sources */,
				3F2FED772121D22900B9D982 /* Frameworks */,
				3F2FED782121D22900B9D982 /* Resources */,
				A140FA454EF047D37DA9AF44 /* [CP] Embed Pods Frameworks */,
			);
			buildRules = (
			);
			dependencies = (
			);
			name = Events;
			productName = Events;
			productReference = 3F2FED7A2121D22900B9D982 /* Events.app */;
			productType = "com.apple.product-type.application";
		};
		3F2FED8D2121D22D00B9D982 /* EventsTests */ = {
			isa = PBXNativeTarget;
			buildConfigurationList = 3F2FED9A2121D22D00B9D982 /* Build configuration list for PBXNativeTarget "EventsTests" */;
			buildPhases = (
				6CFB21F134DBF9D222BB2216 /* [CP] Check Pods Manifest.lock */,
				3F2FED8A2121D22D00B9D982 /* Sources */,
				3F2FED8B2121D22D00B9D982 /* Frameworks */,
				3F2FED8C2121D22D00B9D982 /* Resources */,
			);
			buildRules = (
			);
			dependencies = (
				3F2FED902121D22D00B9D982 /* PBXTargetDependency */,
			);
			name = EventsTests;
			productName = EventsTests;
			productReference = 3F2FED8E2121D22D00B9D982 /* EventsTests.xctest */;
			productType = "com.apple.product-type.bundle.unit-test";
		};
/* End PBXNativeTarget section */

/* Begin PBXProject section */
		3F2FED722121D22900B9D982 /* Project object */ = {
			isa = PBXProject;
			attributes = {
				LastSwiftUpdateCheck = 0940;
				LastUpgradeCheck = 0940;
				ORGANIZATIONNAME = "Joao Paulo Aquino";
				TargetAttributes = {
					3F2FED792121D22900B9D982 = {
						CreatedOnToolsVersion = 9.4.1;
					};
					3F2FED8D2121D22D00B9D982 = {
						CreatedOnToolsVersion = 9.4.1;
						TestTargetID = 3F2FED792121D22900B9D982;
					};
				};
			};
			buildConfigurationList = 3F2FED752121D22900B9D982 /* Build configuration list for PBXProject "Events" */;
			compatibilityVersion = "Xcode 9.3";
			developmentRegion = en;
			hasScannedForEncodings = 0;
			knownRegions = (
				en,
				Base,
			);
			mainGroup = 3F2FED712121D22900B9D982;
			productRefGroup = 3F2FED7B2121D22900B9D982 /* Products */;
			projectDirPath = "";
			projectRoot = "";
			targets = (
				3F2FED792121D22900B9D982 /* Events */,
				3F2FED8D2121D22D00B9D982 /* EventsTests */,
			);
		};
/* End PBXProject section */

/* Begin PBXResourcesBuildPhase section */
		3F2FED782121D22900B9D982 /* Resources */ = {
			isa = PBXResourcesBuildPhase;
			buildActionMask = 2147483647;
			files = (
				3F2FED882121D22D00B9D982 /* LaunchScreen.storyboard in Resources */,
				3F2FED852121D22D00B9D982 /* Assets.xcassets in Resources */,
				3F2FED832121D22900B9D982 /* Main.storyboard in Resources */,
			);
			runOnlyForDeploymentPostprocessing = 0;
		};
		3F2FED8C2121D22D00B9D982 /* Resources */ = {
			isa = PBXResourcesBuildPhase;
			buildActionMask = 2147483647;
			files = (
			);
			runOnlyForDeploymentPostprocessing = 0;
		};
/* End PBXResourcesBuildPhase section */

/* Begin PBXShellScriptBuildPhase section */
		6CFB21F134DBF9D222BB2216 /* [CP] Check Pods Manifest.lock */ = {
			isa = PBXShellScriptBuildPhase;
			buildActionMask = 2147483647;
			files = (
			);
			inputPaths = (
				"${PODS_PODFILE_DIR_PATH}/Podfile.lock",
				"${PODS_ROOT}/Manifest.lock",
			);
			name = "[CP] Check Pods Manifest.lock";
			outputPaths = (
				"$(DERIVED_FILE_DIR)/Pods-EventsTests-checkManifestLockResult.txt",
			);
			runOnlyForDeploymentPostprocessing = 0;
			shellPath = /bin/sh;
			shellScript = "diff \"${PODS_PODFILE_DIR_PATH}/Podfile.lock\" \"${PODS_ROOT}/Manifest.lock\" > /dev/null\nif [ $? != 0 ] ; then\n    # print error to STDERR\n    echo \"error: The sandbox is not in sync with the Podfile.lock. Run 'pod install' or update your CocoaPods installation.\" >&2\n    exit 1\nfi\n# This output is used by Xcode 'outputs' to avoid re-running this script phase.\necho \"SUCCESS\" > \"${SCRIPT_OUTPUT_FILE_0}\"\n";
			showEnvVarsInLog = 0;
		};
		7D0B4179B470EA994CB6DFB9 /* [CP] Check Pods Manifest.lock */ = {
			isa = PBXShellScriptBuildPhase;
			buildActionMask = 2147483647;
			files = (
			);
			inputPaths = (
				"${PODS_PODFILE_DIR_PATH}/Podfile.lock",
				"${PODS_ROOT}/Manifest.lock",
			);
			name = "[CP] Check Pods Manifest.lock";
			outputPaths = (
				"$(DERIVED_FILE_DIR)/Pods-Events-checkManifestLockResult.txt",
			);
			runOnlyForDeploymentPostprocessing = 0;
			shellPath = /bin/sh;
			shellScript = "diff \"${PODS_PODFILE_DIR_PATH}/Podfile.lock\" \"${PODS_ROOT}/Manifest.lock\" > /dev/null\nif [ $? != 0 ] ; then\n    # print error to STDERR\n    echo \"error: The sandbox is not in sync with the Podfile.lock. Run 'pod install' or update your CocoaPods installation.\" >&2\n    exit 1\nfi\n# This output is used by Xcode 'outputs' to avoid re-running this script phase.\necho \"SUCCESS\" > \"${SCRIPT_OUTPUT_FILE_0}\"\n";
			showEnvVarsInLog = 0;
		};
		A140FA454EF047D37DA9AF44 /* [CP] Embed Pods Frameworks */ = {
			isa = PBXShellScriptBuildPhase;
			buildActionMask = 2147483647;
			files = (
			);
			inputPaths = (
				"${SRCROOT}/Pods/Target Support Files/Pods-Events/Pods-Events-frameworks.sh",
				"${BUILT_PRODUCTS_DIR}/Alamofire/Alamofire.framework",
			);
			name = "[CP] Embed Pods Frameworks";
			outputPaths = (
				"${TARGET_BUILD_DIR}/${FRAMEWORKS_FOLDER_PATH}/Alamofire.framework",
			);
			runOnlyForDeploymentPostprocessing = 0;
			shellPath = /bin/sh;
			shellScript = "\"${SRCROOT}/Pods/Target Support Files/Pods-Events/Pods-Events-frameworks.sh\"\n";
			showEnvVarsInLog = 0;
		};
/* End PBXShellScriptBuildPhase section */

/* Begin PBXSourcesBuildPhase section */
		3F2FED762121D22900B9D982 /* Sources */ = {
			isa = PBXSourcesBuildPhase;
			buildActionMask = 2147483647;
			files = (
				3FCCF6E121232039007DDB6B /* Event.swift in Sources */,
				3F2FED802121D22900B9D982 /* ViewController.swift in Sources */,
				3FCCF6DF21231D5E007DDB6B /* ExtensionDate.swift in Sources */,
				3FCCF6E921235748007DDB6B /* EventTableViewCell.swift in Sources */,
				3F2FED7E2121D22900B9D982 /* AppDelegate.swift in Sources */,
			);
			runOnlyForDeploymentPostprocessing = 0;
		};
		3F2FED8A2121D22D00B9D982 /* Sources */ = {
			isa = PBXSourcesBuildPhase;
			buildActionMask = 2147483647;
			files = (
				3F2FED932121D22D00B9D982 /* EventsTests.swift in Sources */,
			);
			runOnlyForDeploymentPostprocessing = 0;
		};
/* End PBXSourcesBuildPhase section */

/* Begin PBXTargetDependency section */
		3F2FED902121D22D00B9D982 /* PBXTargetDependency */ = {
			isa = PBXTargetDependency;
			target = 3F2FED792121D22900B9D982 /* Events */;
			targetProxy = 3F2FED8F2121D22D00B9D982 /* PBXContainerItemProxy */;
		};
/* End PBXTargetDependency section */

/* Begin PBXVariantGroup section */
		3F2FED812121D22900B9D982 /* Main.storyboard */ = {
			isa = PBXVariantGroup;
			children = (
				3F2FED822121D22900B9D982 /* Base */,
			);
			name = Main.storyboard;
			sourceTree = "<group>";
		};
		3F2FED862121D22D00B9D982 /* LaunchScreen.storyboard */ = {
			isa = PBXVariantGroup;
			children = (
				3F2FED872121D22D00B9D982 /* Base */,
			);
			name = LaunchScreen.storyboard;
			sourceTree = "<group>";
		};
/* End PBXVariantGroup section */

/* Begin XCBuildConfiguration section */
		3F2FED952121D22D00B9D982 /* Debug */ = {
			isa = XCBuildConfiguration;
			buildSettings = {
				ALWAYS_SEARCH_USER_PATHS = NO;
				CLANG_ANALYZER_NONNULL = YES;
				CLANG_ANALYZER_NUMBER_OBJECT_CONVERSION = YES_AGGRESSIVE;
				CLANG_CXX_LANGUAGE_STANDARD = "gnu++14";
				CLANG_CXX_LIBRARY = "libc++";
				CLANG_ENABLE_MODULES = YES;
				CLANG_ENABLE_OBJC_ARC = YES;
				CLANG_ENABLE_OBJC_WEAK = YES;
				CLANG_WARN_BLOCK_CAPTURE_AUTORELEASING = YES;
				CLANG_WARN_BOOL_CONVERSION = YES;
				CLANG_WARN_COMMA = YES;
				CLANG_WARN_CONSTANT_CONVERSION = YES;
				CLANG_WARN_DEPRECATED_OBJC_IMPLEMENTATIONS = YES;
				CLANG_WARN_DIRECT_OBJC_ISA_USAGE = YES_ERROR;
				CLANG_WARN_DOCUMENTATION_COMMENTS = YES;
				CLANG_WARN_EMPTY_BODY = YES;
				CLANG_WARN_ENUM_CONVERSION = YES;
				CLANG_WARN_INFINITE_RECURSION = YES;
				CLANG_WARN_INT_CONVERSION = YES;
				CLANG_WARN_NON_LITERAL_NULL_CONVERSION = YES;
				CLANG_WARN_OBJC_IMPLICIT_RETAIN_SELF = YES;
				CLANG_WARN_OBJC_LITERAL_CONVERSION = YES;
				CLANG_WARN_OBJC_ROOT_CLASS = YES_ERROR;
				CLANG_WARN_RANGE_LOOP_ANALYSIS = YES;
				CLANG_WARN_STRICT_PROTOTYPES = YES;
				CLANG_WARN_SUSPICIOUS_MOVE = YES;
				CLANG_WARN_UNGUARDED_AVAILABILITY = YES_AGGRESSIVE;
				CLANG_WARN_UNREACHABLE_CODE = YES;
				CLANG_WARN__DUPLICATE_METHOD_MATCH = YES;
				CODE_SIGN_IDENTITY = "iPhone Developer";
				COPY_PHASE_STRIP = NO;
				DEBUG_INFORMATION_FORMAT = dwarf;
				ENABLE_STRICT_OBJC_MSGSEND = YES;
				ENABLE_TESTABILITY = YES;
				GCC_C_LANGUAGE_STANDARD = gnu11;
				GCC_DYNAMIC_NO_PIC = NO;
				GCC_NO_COMMON_BLOCKS = YES;
				GCC_OPTIMIZATION_LEVEL = 0;
				GCC_PREPROCESSOR_DEFINITIONS = (
					"DEBUG=1",
					"$(inherited)",
				);
				GCC_WARN_64_TO_32_BIT_CONVERSION = YES;
				GCC_WARN_ABOUT_RETURN_TYPE = YES_ERROR;
				GCC_WARN_UNDECLARED_SELECTOR = YES;
				GCC_WARN_UNINITIALIZED_AUTOS = YES_AGGRESSIVE;
				GCC_WARN_UNUSED_FUNCTION = YES;
				GCC_WARN_UNUSED_VARIABLE = YES;
				IPHONEOS_DEPLOYMENT_TARGET = 11.4;
				MTL_ENABLE_DEBUG_INFO = YES;
				ONLY_ACTIVE_ARCH = YES;
				SDKROOT = iphoneos;
				SWIFT_ACTIVE_COMPILATION_CONDITIONS = DEBUG;
				SWIFT_OPTIMIZATION_LEVEL = "-Onone";
			};
			name = Debug;
		};
		3F2FED962121D22D00B9D982 /* Release */ = {
			isa = XCBuildConfiguration;
			buildSettings = {
				ALWAYS_SEARCH_USER_PATHS = NO;
				CLANG_ANALYZER_NONNULL = YES;
				CLANG_ANALYZER_NUMBER_OBJECT_CONVERSION = YES_AGGRESSIVE;
				CLANG_CXX_LANGUAGE_STANDARD = "gnu++14";
				CLANG_CXX_LIBRARY = "libc++";
				CLANG_ENABLE_MODULES = YES;
				CLANG_ENABLE_OBJC_ARC = YES;
				CLANG_ENABLE_OBJC_WEAK = YES;
				CLANG_WARN_BLOCK_CAPTURE_AUTORELEASING = YES;
				CLANG_WARN_BOOL_CONVERSION = YES;
				CLANG_WARN_COMMA = YES;
				CLANG_WARN_CONSTANT_CONVERSION = YES;
				CLANG_WARN_DEPRECATED_OBJC_IMPLEMENTATIONS = YES;
				CLANG_WARN_DIRECT_OBJC_ISA_USAGE = YES_ERROR;
				CLANG_WARN_DOCUMENTATION_COMMENTS = YES;
				CLANG_WARN_EMPTY_BODY = YES;
				CLANG_WARN_ENUM_CONVERSION = YES;
				CLANG_WARN_INFINITE_RECURSION = YES;
				CLANG_WARN_INT_CONVERSION = YES;
				CLANG_WARN_NON_LITERAL_NULL_CONVERSION = YES;
				CLANG_WARN_OBJC_IMPLICIT_RETAIN_SELF = YES;
				CLANG_WARN_OBJC_LITERAL_CONVERSION = YES;
				CLANG_WARN_OBJC_ROOT_CLASS = YES_ERROR;
				CLANG_WARN_RANGE_LOOP_ANALYSIS = YES;
				CLANG_WARN_STRICT_PROTOTYPES = YES;
				CLANG_WARN_SUSPICIOUS_MOVE = YES;
				CLANG_WARN_UNGUARDED_AVAILABILITY = YES_AGGRESSIVE;
				CLANG_WARN_UNREACHABLE_CODE = YES;
				CLANG_WARN__DUPLICATE_METHOD_MATCH = YES;
				CODE_SIGN_IDENTITY = "iPhone Developer";
				COPY_PHASE_STRIP = NO;
				DEBUG_INFORMATION_FORMAT = "dwarf-with-dsym";
				ENABLE_NS_ASSERTIONS = NO;
				ENABLE_STRICT_OBJC_MSGSEND = YES;
				GCC_C_LANGUAGE_STANDARD = gnu11;
				GCC_NO_COMMON_BLOCKS = YES;
				GCC_WARN_64_TO_32_BIT_CONVERSION = YES;
				GCC_WARN_ABOUT_RETURN_TYPE = YES_ERROR;
				GCC_WARN_UNDECLARED_SELECTOR = YES;
				GCC_WARN_UNINITIALIZED_AUTOS = YES_AGGRESSIVE;
				GCC_WARN_UNUSED_FUNCTION = YES;
				GCC_WARN_UNUSED_VARIABLE = YES;
				IPHONEOS_DEPLOYMENT_TARGET = 11.4;
				MTL_ENABLE_DEBUG_INFO = NO;
				SDKROOT = iphoneos;
				SWIFT_COMPILATION_MODE = wholemodule;
				SWIFT_OPTIMIZATION_LEVEL = "-O";
				VALIDATE_PRODUCT = YES;
			};
			name = Release;
		};
		3F2FED982121D22D00B9D982 /* Debug */ = {
			isa = XCBuildConfiguration;
			baseConfigurationReference = 3952434C6ECE9F2BD22E8CBB /* Pods-Events.debug.xcconfig */;
			buildSettings = {
				ASSETCATALOG_COMPILER_APPICON_NAME = AppIcon;
				CODE_SIGN_STYLE = Automatic;
				DEVELOPMENT_TEAM = TN75WULY37;
				INFOPLIST_FILE = Events/Info.plist;
				LD_RUNPATH_SEARCH_PATHS = (
					"$(inherited)",
					"@executable_path/Frameworks",
				);
				PRODUCT_BUNDLE_IDENTIFIER = com.goapps.com.Events;
				PRODUCT_NAME = "$(TARGET_NAME)";
				SWIFT_VERSION = 4.0;
				TARGETED_DEVICE_FAMILY = "1,2";
			};
			name = Debug;
		};
		3F2FED992121D22D00B9D982 /* Release */ = {
			isa = XCBuildConfiguration;
			baseConfigurationReference = 02E5BB4DD29B0636A815F139 /* Pods-Events.release.xcconfig */;
			buildSettings = {
				ASSETCATALOG_COMPILER_APPICON_NAME = AppIcon;
				CODE_SIGN_STYLE = Automatic;
				DEVELOPMENT_TEAM = TN75WULY37;
				INFOPLIST_FILE = Events/Info.plist;
				LD_RUNPATH_SEARCH_PATHS = (
					"$(inherited)",
					"@executable_path/Frameworks",
				);
				PRODUCT_BUNDLE_IDENTIFIER = com.goapps.com.Events;
				PRODUCT_NAME = "$(TARGET_NAME)";
				SWIFT_VERSION = 4.0;
				TARGETED_DEVICE_FAMILY = "1,2";
			};
			name = Release;
		};
		3F2FED9B2121D22D00B9D982 /* Debug */ = {
			isa = XCBuildConfiguration;
			baseConfigurationReference = 1924088DAED7300A8EED3085 /* Pods-EventsTests.debug.xcconfig */;
			buildSettings = {
				ALWAYS_EMBED_SWIFT_STANDARD_LIBRARIES = YES;
				BUNDLE_LOADER = "$(TEST_HOST)";
				CODE_SIGN_STYLE = Automatic;
				DEVELOPMENT_TEAM = TN75WULY37;
				INFOPLIST_FILE = EventsTests/Info.plist;
				LD_RUNPATH_SEARCH_PATHS = (
					"$(inherited)",
					"@executable_path/Frameworks",
					"@loader_path/Frameworks",
				);
				PRODUCT_BUNDLE_IDENTIFIER = com.goapps.com.EventsTests;
				PRODUCT_NAME = "$(TARGET_NAME)";
				SWIFT_VERSION = 4.0;
				TARGETED_DEVICE_FAMILY = "1,2";
				TEST_HOST = "$(BUILT_PRODUCTS_DIR)/Events.app/Events";
			};
			name = Debug;
		};
		3F2FED9C2121D22D00B9D982 /* Release */ = {
			isa = XCBuildConfiguration;
			baseConfigurationReference = 84A53303F1FD1DABFCB9E892 /* Pods-EventsTests.release.xcconfig */;
			buildSettings = {
				ALWAYS_EMBED_SWIFT_STANDARD_LIBRARIES = YES;
				BUNDLE_LOADER = "$(TEST_HOST)";
				CODE_SIGN_STYLE = Automatic;
				DEVELOPMENT_TEAM = TN75WULY37;
				INFOPLIST_FILE = EventsTests/Info.plist;
				LD_RUNPATH_SEARCH_PATHS = (
					"$(inherited)",
					"@executable_path/Frameworks",
					"@loader_path/Frameworks",
				);
				PRODUCT_BUNDLE_IDENTIFIER = com.goapps.com.EventsTests;
				PRODUCT_NAME = "$(TARGET_NAME)";
				SWIFT_VERSION = 4.0;
				TARGETED_DEVICE_FAMILY = "1,2";
				TEST_HOST = "$(BUILT_PRODUCTS_DIR)/Events.app/Events";
			};
			name = Release;
		};
/* End XCBuildConfiguration section */

/* Begin XCConfigurationList section */
		3F2FED752121D22900B9D982 /* Build configuration list for PBXProject "Events" */ = {
			isa = XCConfigurationList;
			buildConfigurations = (
				3F2FED952121D22D00B9D982 /* Debug */,
				3F2FED962121D22D00B9D982 /* Release */,
			);
			defaultConfigurationIsVisible = 0;
			defaultConfigurationName = Release;
		};
		3F2FED972121D22D00B9D982 /* Build configuration list for PBXNativeTarget "Events" */ = {
			isa = XCConfigurationList;
			buildConfigurations = (
				3F2FED982121D22D00B9D982 /* Debug */,
				3F2FED992121D22D00B9D982 /* Release */,
			);
			defaultConfigurationIsVisible = 0;
			defaultConfigurationName = Release;
		};
		3F2FED9A2121D22D00B9D982 /* Build configuration list for PBXNativeTarget "EventsTests" */ = {
			isa = XCConfigurationList;
			buildConfigurations = (
				3F2FED9B2121D22D00B9D982 /* Debug */,
				3F2FED9C2121D22D00B9D982 /* Release */,
			);
			defaultConfigurationIsVisible = 0;
			defaultConfigurationName = Release;
		};
/* End XCConfigurationList section */
	};
	rootObject = 3F2FED722121D22900B9D982 /* Project object */;
}
